
Microsoft Visual Studio Solution File, Format Version 12.00
# Visual Studio Version 17
VisualStudioVersion = 17.1.32210.238
MinimumVisualStudioVersion = 10.0.40219.1
Project("{FAE04EC0-301F-11D3-BF4B-00C04F79EFBC}") = "WebApplication1", "WebApplication1.csproj", "{CC44395E-5D48-4B2D-875D-FB96C0BF883F}"
EndProject
Global
	GlobalSection(SolutionConfigurationPlatforms) = preSolution
		Debug|Any CPU = Debug|Any CPU
		Release|Any CPU = Release|Any CPU
	EndGlobalSection
	GlobalSection(ProjectConfigurationPlatforms) = postSolution
		{CC44395E-5D48-4B2D-875D-FB96C0BF883F}.Debug|Any CPU.ActiveCfg = Debug|Any CPU
		{CC44395E-5D48-4B2D-875D-FB96C0BF883F}.Debug|Any CPU.Build.0 = Debug|Any CPU
		{CC44395E-5D48-4B2D-875D-FB96C0BF883F}.Release|Any CPU.ActiveCfg = Release|Any CPU
		{CC44395E-5D48-4B2D-875D-FB96C0BF883F}.Release|Any CPU.Build.0 = Release|Any CPU
	EndGlobalSection
	GlobalSection(SolutionProperties) = preSolution
		HideSolutionNode = FALSE
	EndGlobalSection
	GlobalSection(ExtensibilityGlobals) = postSolution
		SolutionGuid = {5F15913D-80D1-473E-B75C-61B951294711}
	EndGlobalSection
EndGlobal
